{
	"name": "vscode-graphql",
	"version": "0.0.1",
	"lockfileVersion": 1,
	"requires": true,
	"dependencies": {
		"@types/node": {
			"version": "9.4.0",
			"resolved": "https://registry.npmjs.org/@types/node/-/node-9.4.0.tgz",
			"integrity": "sha512-zkYho6/4wZyX6o9UQ8rd0ReEaiEYNNCqYFIAACe2Tf9DrYlgzWW27OigYHnnztnnZQwVRpwWmZKegFmDpinIsA==",
			"dev": true
		},
		"prettier": {
			"version": "1.10.2",
			"resolved": "https://registry.npmjs.org/prettier/-/prettier-1.10.2.tgz",
			"integrity": "sha512-TcdNoQIWFoHblurqqU6d1ysopjq7UX0oRcT/hJ8qvBAELiYWn+Ugf0AXdnzISEJ7vuhNnQ98N8jR8Sh53x4IZg==",
			"dev": true
		},
		"typescript": {
			"version": "2.7.1",
			"resolved": "https://registry.npmjs.org/typescript/-/typescript-2.7.1.tgz",
			"integrity": "sha512-bqB1yS6o9TNA9ZC/MJxM0FZzPnZdtHj0xWK/IZ5khzVqdpGul/R/EIiHRgFXlwTD7PSIaYVnGKq1QgMCu2mnqw==",
			"dev": true
		}
	}
}
