{
	"name": "vscode-graphql",
	"version": "0.0.1",
	"lockfileVersion": 1,
	"requires": true,
	"dependencies": {
		"@types/mocha": {
			"version": "2.2.44",
			"resolved": "https://registry.npmjs.org/@types/mocha/-/mocha-2.2.44.tgz",
			"integrity": "sha512-k2tWTQU8G4+iSMvqKi0Q9IIsWAp/n8xzdZS4Q4YVIltApoMA00wFBFdlJnmoaK1/z7B0Cy0yPe6GgXteSmdUNw==",
			"dev": true
		},
		"@types/node": {
			"version": "8.0.50",
			"resolved": "https://registry.npmjs.org/@types/node/-/node-8.0.50.tgz",
			"integrity": "sha512-N9OVsMBspboNvYaLAQnLEhb2eQ96lavogMR5LoH5k8nb1PvBZHSBFhzhsq2LNzGTBBOtBviOc1GiSu+wlM/pGw==",
			"dev": true
		},
		"prettier": {
			"version": "1.8.1",
			"resolved": "https://registry.npmjs.org/prettier/-/prettier-1.8.1.tgz",
			"integrity": "sha512-YD5mApxnu/o/u7kiy5C4ouMfzJMXGEQdHyGHtQd0KwN/CrwTwD8RuTNzpInZEYZn9S8m10zDvVT5gAO4pp+0FA==",
			"dev": true
		},
		"typescript": {
			"version": "2.6.1",
			"resolved": "https://registry.npmjs.org/typescript/-/typescript-2.6.1.tgz",
			"integrity": "sha1-7znN6ierrAtQAkLWcmq5DgyEZjE=",
			"dev": true
		}
	}
}
