{
	"name": "vscode-graphql",
	"version": "0.0.1",
	"lockfileVersion": 1,
	"requires": true,
	"dependencies": {
		"argparse": {
			"version": "1.0.9",
			"resolved": "https://registry.npmjs.org/argparse/-/argparse-1.0.9.tgz",
			"integrity": "sha1-c9g7wmP4bpf4zE9rrhsOkKfSLIY=",
			"requires": {
				"sprintf-js": "1.0.3"
			}
		},
		"babylon": {
			"version": "6.18.0",
			"resolved": "https://registry.npmjs.org/babylon/-/babylon-6.18.0.tgz",
			"integrity": "sha512-q/UEjfGJ2Cm3oKV71DJz9d25TPnq5rhBVL2Q4fA5wcC3jcrdn7+SssEybFIxwAvvP+YCsCYNKughoF33GxgycQ=="
		},
		"balanced-match": {
			"version": "1.0.0",
			"resolved": "https://registry.npmjs.org/balanced-match/-/balanced-match-1.0.0.tgz",
			"integrity": "sha1-ibTRmasr7kneFk6gK4nORi1xt2c="
		},
		"brace-expansion": {
			"version": "1.1.8",
			"resolved": "https://registry.npmjs.org/brace-expansion/-/brace-expansion-1.1.8.tgz",
			"integrity": "sha1-wHshHHyVLsH479Uad+8NHTmQopI=",
			"requires": {
				"balanced-match": "1.0.0",
				"concat-map": "0.0.1"
			}
		},
		"bser": {
			"version": "2.0.0",
			"resolved": "https://registry.npmjs.org/bser/-/bser-2.0.0.tgz",
			"integrity": "sha1-mseNPtXZFYBP2HrLFYvHlxR6Fxk=",
			"requires": {
				"node-int64": "0.4.0"
			}
		},
		"concat-map": {
			"version": "0.0.1",
			"resolved": "https://registry.npmjs.org/concat-map/-/concat-map-0.0.1.tgz",
			"integrity": "sha1-2Klr13/Wjfd5OnMDajug1UBdR3s="
		},
		"cross-fetch": {
			"version": "0.0.8",
			"resolved": "https://registry.npmjs.org/cross-fetch/-/cross-fetch-0.0.8.tgz",
			"integrity": "sha1-Ae2U3EB98sAPGAf95wCnz6SKIFw=",
			"requires": {
				"node-fetch": "1.7.3",
				"whatwg-fetch": "2.0.3"
			}
		},
		"encoding": {
			"version": "0.1.12",
			"resolved": "https://registry.npmjs.org/encoding/-/encoding-0.1.12.tgz",
			"integrity": "sha1-U4tm8+5izRq1HsMjgp0flIDHS+s=",
			"requires": {
				"iconv-lite": "0.4.19"
			}
		},
		"esprima": {
			"version": "4.0.0",
			"resolved": "https://registry.npmjs.org/esprima/-/esprima-4.0.0.tgz",
			"integrity": "sha512-oftTcaMu/EGrEIu904mWteKIv8vMuOgGYo7EhVJJN00R/EED9DCua/xxHRdYnKtcECzVg7xOWhflvJMnqcFZjw=="
		},
		"fb-watchman": {
			"version": "2.0.0",
			"resolved": "https://registry.npmjs.org/fb-watchman/-/fb-watchman-2.0.0.tgz",
			"integrity": "sha1-VOmr99+i8mzZsWNsWIwa/AXeXVg=",
			"requires": {
				"bser": "2.0.0"
			}
		},
		"fs.realpath": {
			"version": "1.0.0",
			"resolved": "https://registry.npmjs.org/fs.realpath/-/fs.realpath-1.0.0.tgz",
			"integrity": "sha1-FQStJSMVjKpA20onh8sBQRmU6k8="
		},
		"glob": {
			"version": "7.1.2",
			"resolved": "https://registry.npmjs.org/glob/-/glob-7.1.2.tgz",
			"integrity": "sha512-MJTUg1kjuLeQCJ+ccE4Vpa6kKVXkPYJ2mOCQyUuKLcLQsdrMCpBPUi8qVE6+YuaJkozeA9NusTAw3hLr8Xe5EQ==",
			"requires": {
				"fs.realpath": "1.0.0",
				"inflight": "1.0.6",
				"inherits": "2.0.3",
				"minimatch": "3.0.4",
				"once": "1.4.0",
				"path-is-absolute": "1.0.1"
			}
		},
		"graphql": {
			"version": "0.11.7",
			"resolved": "https://registry.npmjs.org/graphql/-/graphql-0.11.7.tgz",
			"integrity": "sha512-x7uDjyz8Jx+QPbpCFCMQ8lltnQa4p4vSYHx6ADe8rVYRTdsyhCJbvSty5DAsLVmU6cGakl+r8HQYolKHxk/tiw==",
			"requires": {
				"iterall": "1.1.3"
			}
		},
		"graphql-config": {
			"version": "1.0.7",
			"resolved": "https://registry.npmjs.org/graphql-config/-/graphql-config-1.0.7.tgz",
			"integrity": "sha512-DmNHx4lZbZPN2DP9hnDMX9UV5ebc2KpSDMR5EMiY38pyl8oKmgj8azSStg3xNSDjUG13mtgzHdLXysHGCPDcyg==",
			"requires": {
				"graphql": "0.11.7",
				"graphql-request": "1.4.0",
				"js-yaml": "3.10.0",
				"minimatch": "3.0.4",
				"rimraf": "2.6.2"
			}
		},
		"graphql-language-service-interface": {
			"version": "1.0.15",
			"resolved": "https://registry.npmjs.org/graphql-language-service-interface/-/graphql-language-service-interface-1.0.15.tgz",
			"integrity": "sha512-4Ax3Wap7e4oybfQbSCcv3RIuUWS7g9aKmz7+g2gXiPecyB23x/Lre8qmeblwTmh3iQuHInQswGPljU9uXerrdw==",
			"requires": {
				"graphql-config": "1.0.7",
				"graphql-language-service-parser": "0.1.14",
				"graphql-language-service-types": "0.1.14",
				"graphql-language-service-utils": "1.0.15"
			}
		},
		"graphql-language-service-parser": {
			"version": "0.1.14",
			"resolved": "https://registry.npmjs.org/graphql-language-service-parser/-/graphql-language-service-parser-0.1.14.tgz",
			"integrity": "sha512-72M4OksONeqT5slfdfODmlPBFlUQQkcnRhjgmPt9H2n8/DUcf4XzDkGXudBWpzNfjVU35+IADYW6x13wKw/fOg==",
			"requires": {
				"graphql-language-service-types": "0.1.14"
			}
		},
		"graphql-language-service-server": {
			"version": "1.0.15",
			"resolved": "https://registry.npmjs.org/graphql-language-service-server/-/graphql-language-service-server-1.0.15.tgz",
			"integrity": "sha512-mJxf6+SYW75b+sKfdd2+hbN74IYVrPeKUEH31v3HqdIffAFhCt/usPBvrx2Yxu+8sdsC4WYxDXatBkciVdA33Q==",
			"requires": {
				"babylon": "6.18.0",
				"fb-watchman": "2.0.0",
				"graphql-config": "1.0.7",
				"graphql-language-service-interface": "1.0.15",
				"graphql-language-service-types": "0.1.14",
				"graphql-language-service-utils": "1.0.15",
				"nullthrows": "1.0.0",
				"vscode-jsonrpc": "3.5.0",
				"vscode-languageserver": "3.5.0"
			}
		},
		"graphql-language-service-types": {
			"version": "0.1.14",
			"resolved": "https://registry.npmjs.org/graphql-language-service-types/-/graphql-language-service-types-0.1.14.tgz",
			"integrity": "sha512-77KP83gvK0gWswvGY/+jx/GpsOfKuwWQ1AYnyPT2GDGG3//1QxQTObaZMAEevNTxJtO8T26YXxoUlqkvET7iEg=="
		},
		"graphql-language-service-utils": {
			"version": "1.0.15",
			"resolved": "https://registry.npmjs.org/graphql-language-service-utils/-/graphql-language-service-utils-1.0.15.tgz",
			"integrity": "sha512-jHMPp/4EsL4WyBu7wkP81ezmvsEoPKj77UByMWAJba/w6+7m0RRIizUAjzqvzDMf+/stXMQ9AQpoq9MJnW30sg==",
			"requires": {
				"graphql-config": "1.0.7",
				"graphql-language-service-types": "0.1.14"
			}
		},
		"graphql-request": {
			"version": "1.4.0",
			"resolved": "https://registry.npmjs.org/graphql-request/-/graphql-request-1.4.0.tgz",
			"integrity": "sha512-lAAbaq2IbeN4sGcgQgx/OtxEZ9UimpWawIEUYAw8Dk0yNAYPwWH79/ASdGrH/5aTvYHz3U7CjgoQmaiUpLJ3qw==",
			"requires": {
				"cross-fetch": "0.0.8"
			}
		},
		"iconv-lite": {
			"version": "0.4.19",
			"resolved": "https://registry.npmjs.org/iconv-lite/-/iconv-lite-0.4.19.tgz",
			"integrity": "sha512-oTZqweIP51xaGPI4uPa56/Pri/480R+mo7SeU+YETByQNhDG55ycFyNLIgta9vXhILrxXDmF7ZGhqZIcuN0gJQ=="
		},
		"inflight": {
			"version": "1.0.6",
			"resolved": "https://registry.npmjs.org/inflight/-/inflight-1.0.6.tgz",
			"integrity": "sha1-Sb1jMdfQLQwJvJEKEHW6gWW1bfk=",
			"requires": {
				"once": "1.4.0",
				"wrappy": "1.0.2"
			}
		},
		"inherits": {
			"version": "2.0.3",
			"resolved": "https://registry.npmjs.org/inherits/-/inherits-2.0.3.tgz",
			"integrity": "sha1-Yzwsg+PaQqUC9SRmAiSA9CCCYd4="
		},
		"is-stream": {
			"version": "1.1.0",
			"resolved": "https://registry.npmjs.org/is-stream/-/is-stream-1.1.0.tgz",
			"integrity": "sha1-EtSj3U5o4Lec6428hBc66A2RykQ="
		},
		"iterall": {
			"version": "1.1.3",
			"resolved": "https://registry.npmjs.org/iterall/-/iterall-1.1.3.tgz",
			"integrity": "sha512-Cu/kb+4HiNSejAPhSaN1VukdNTTi/r4/e+yykqjlG/IW+1gZH5b4+Bq3whDX4tvbYugta3r8KTMUiqT3fIGxuQ=="
		},
		"js-yaml": {
			"version": "3.10.0",
			"resolved": "https://registry.npmjs.org/js-yaml/-/js-yaml-3.10.0.tgz",
			"integrity": "sha512-O2v52ffjLa9VeM43J4XocZE//WT9N0IiwDa3KSHH7Tu8CtH+1qM8SIZvnsTh6v+4yFy5KUY3BHUVwjpfAWsjIA==",
			"requires": {
				"argparse": "1.0.9",
				"esprima": "4.0.0"
			}
		},
		"minimatch": {
			"version": "3.0.4",
			"resolved": "https://registry.npmjs.org/minimatch/-/minimatch-3.0.4.tgz",
			"integrity": "sha512-yJHVQEhyqPLUTgt9B83PXu6W3rx4MvvHvSUvToogpwoGDOUQ+yDrR0HRot+yOCdCO7u4hX3pWft6kWBBcqh0UA==",
			"requires": {
				"brace-expansion": "1.1.8"
			}
		},
		"node-fetch": {
			"version": "1.7.3",
			"resolved": "https://registry.npmjs.org/node-fetch/-/node-fetch-1.7.3.tgz",
			"integrity": "sha512-NhZ4CsKx7cYm2vSrBAr2PvFOe6sWDf0UYLRqA6svUYg7+/TSfVAu49jYC4BvQ4Sms9SZgdqGBgroqfDhJdTyKQ==",
			"requires": {
				"encoding": "0.1.12",
				"is-stream": "1.1.0"
			}
		},
		"node-int64": {
			"version": "0.4.0",
			"resolved": "https://registry.npmjs.org/node-int64/-/node-int64-0.4.0.tgz",
			"integrity": "sha1-h6kGXNs1XTGC2PlM4RGIuCXGijs="
		},
		"nullthrows": {
			"version": "1.0.0",
			"resolved": "https://registry.npmjs.org/nullthrows/-/nullthrows-1.0.0.tgz",
			"integrity": "sha1-NHFeU7nevgdQp3Iz/UlKWDWi2Zk="
		},
		"once": {
			"version": "1.4.0",
			"resolved": "https://registry.npmjs.org/once/-/once-1.4.0.tgz",
			"integrity": "sha1-WDsap3WWHUsROsF9nFC6753Xa9E=",
			"requires": {
				"wrappy": "1.0.2"
			}
		},
		"path-is-absolute": {
			"version": "1.0.1",
			"resolved": "https://registry.npmjs.org/path-is-absolute/-/path-is-absolute-1.0.1.tgz",
			"integrity": "sha1-F0uSaHNVNP+8es5r9TpanhtcX18="
		},
		"regenerator-runtime": {
			"version": "0.11.0",
			"resolved": "https://registry.npmjs.org/regenerator-runtime/-/regenerator-runtime-0.11.0.tgz",
			"integrity": "sha512-/aA0kLeRb5N9K0d4fw7ooEbI+xDe+DKD499EQqygGqeS8N3xto15p09uY2xj7ixP81sNPXvRLnAQIqdVStgb1A=="
		},
		"rimraf": {
			"version": "2.6.2",
			"resolved": "https://registry.npmjs.org/rimraf/-/rimraf-2.6.2.tgz",
			"integrity": "sha512-lreewLK/BlghmxtfH36YYVg1i8IAce4TI7oao75I1g245+6BctqTVQiBP3YUJ9C6DQOXJmkYR9X9fCLtCOJc5w==",
			"requires": {
				"glob": "7.1.2"
			}
		},
		"sprintf-js": {
			"version": "1.0.3",
			"resolved": "https://registry.npmjs.org/sprintf-js/-/sprintf-js-1.0.3.tgz",
			"integrity": "sha1-BOaSb2YolTVPPdAVIDYzuFcpfiw="
		},
		"vscode-jsonrpc": {
			"version": "3.5.0",
			"resolved": "https://registry.npmjs.org/vscode-jsonrpc/-/vscode-jsonrpc-3.5.0.tgz",
			"integrity": "sha1-hyOdnhZrLXNSJFuKgTWXgEwdY6o="
		},
		"vscode-languageserver": {
			"version": "3.5.0",
			"resolved": "https://registry.npmjs.org/vscode-languageserver/-/vscode-languageserver-3.5.0.tgz",
			"integrity": "sha1-0oCZvG3dqMHdFrcH5FThsd2uDbo=",
			"requires": {
				"vscode-languageserver-protocol": "3.5.0",
				"vscode-uri": "1.0.1"
			}
		},
		"vscode-languageserver-protocol": {
			"version": "3.5.0",
			"resolved": "https://registry.npmjs.org/vscode-languageserver-protocol/-/vscode-languageserver-protocol-3.5.0.tgz",
			"integrity": "sha1-Bnxcvidwl5U5jRGWksl+u6FFIgk=",
			"requires": {
				"vscode-jsonrpc": "3.5.0",
				"vscode-languageserver-types": "3.5.0"
			}
		},
		"vscode-languageserver-types": {
			"version": "3.5.0",
			"resolved": "https://registry.npmjs.org/vscode-languageserver-types/-/vscode-languageserver-types-3.5.0.tgz",
			"integrity": "sha1-5I15li8LjgLelV4/UkkI4rGcA3Q="
		},
		"vscode-uri": {
			"version": "1.0.1",
			"resolved": "https://registry.npmjs.org/vscode-uri/-/vscode-uri-1.0.1.tgz",
			"integrity": "sha1-Eahr7+rDxKo+wIYjZRo8gabQu8g="
		},
		"whatwg-fetch": {
			"version": "2.0.3",
			"resolved": "https://registry.npmjs.org/whatwg-fetch/-/whatwg-fetch-2.0.3.tgz",
			"integrity": "sha1-nITsLc9oGH/wC8ZOEnS0QhduHIQ="
		},
		"wrappy": {
			"version": "1.0.2",
			"resolved": "https://registry.npmjs.org/wrappy/-/wrappy-1.0.2.tgz",
			"integrity": "sha1-tSQ9jz7BqjXxNkYFvA0QNuMKtp8="
		}
	}
}
